
Microsoft Visual Studio Solution File, Format Version 12.00
# Visual Studio Version 17
VisualStudioVersion = 17.11.35312.102
MinimumVisualStudioVersion = 10.0.40219.1
Project("{FAE04EC0-301F-11D3-BF4B-00C04F79EFBC}") = "pripremaZaProvjeruznanja1", "pripremaZaProvjeruznanja1\pripremaZaProvjeruznanja1.csproj", "{B095D3C6-C0F6-4740-8205-94AE2CA93812}"
EndProject
Global
	GlobalSection(SolutionConfigurationPlatforms) = preSolution
		Debug|Any CPU = Debug|Any CPU
		Release|Any CPU = Release|Any CPU
	EndGlobalSection
	GlobalSection(ProjectConfigurationPlatforms) = postSolution
		{B095D3C6-C0F6-4740-8205-94AE2CA93812}.Debug|Any CPU.ActiveCfg = Debug|Any CPU
		{B095D3C6-C0F6-4740-8205-94AE2CA93812}.Debug|Any CPU.Build.0 = Debug|Any CPU
		{B095D3C6-C0F6-4740-8205-94AE2CA93812}.Release|Any CPU.ActiveCfg = Release|Any CPU
		{B095D3C6-C0F6-4740-8205-94AE2CA93812}.Release|Any CPU.Build.0 = Release|Any CPU
	EndGlobalSection
	GlobalSection(SolutionProperties) = preSolution
		HideSolutionNode = FALSE
	EndGlobalSection
	GlobalSection(ExtensibilityGlobals) = postSolution
		SolutionGuid = {06DBB34F-9FA1-486A-B58A-FD9E5564A145}
	EndGlobalSection
EndGlobal
